
Microsoft Visual Studio Solution File, Format Version 12.00
# Visual Studio Version 17
VisualStudioVersion = 17.5.002.0
MinimumVisualStudioVersion = 10.0.40219.1
Project("{9A19103F-16F7-4668-BE54-9A1E7A4F7556}") = "ZZPrescription", "ZZPrescription.csproj", "{D8B429B4-CA77-4179-AEA0-848712DD78BC}"
EndProject
Global
	GlobalSection(SolutionConfigurationPlatforms) = preSolution
		Debug|Any CPU = Debug|Any CPU
		Release|Any CPU = Release|Any CPU
	EndGlobalSection
	GlobalSection(ProjectConfigurationPlatforms) = postSolution
		{D8B429B4-CA77-4179-AEA0-848712DD78BC}.Debug|Any CPU.ActiveCfg = Debug|Any CPU
		{D8B429B4-CA77-4179-AEA0-848712DD78BC}.Debug|Any CPU.Build.0 = Debug|Any CPU
		{D8B429B4-CA77-4179-AEA0-848712DD78BC}.Release|Any CPU.ActiveCfg = Release|Any CPU
		{D8B429B4-CA77-4179-AEA0-848712DD78BC}.Release|Any CPU.Build.0 = Release|Any CPU
	EndGlobalSection
	GlobalSection(SolutionProperties) = preSolution
		HideSolutionNode = FALSE
	EndGlobalSection
	GlobalSection(ExtensibilityGlobals) = postSolution
		SolutionGuid = {BA8CD041-5935-4144-A1F9-FAD722098BD0}
	EndGlobalSection
EndGlobal
